
Microsoft Visual Studio Solution File, Format Version 12.00
# Visual Studio Version 17
VisualStudioVersion = 17.10.34928.147
MinimumVisualStudioVersion = 10.0.40219.1
Project("{FAE04EC0-301F-11D3-BF4B-00C04F79EFBC}") = "RaterAPI", "RaterAPI\RaterAPI.csproj", "{728872F7-9AFF-4A3F-A633-92F1976BBE15}"
EndProject
Global
	GlobalSection(SolutionConfigurationPlatforms) = preSolution
		Debug|Any CPU = Debug|Any CPU
		Release|Any CPU = Release|Any CPU
	EndGlobalSection
	GlobalSection(ProjectConfigurationPlatforms) = postSolution
		{728872F7-9AFF-4A3F-A633-92F1976BBE15}.Debug|Any CPU.ActiveCfg = Debug|Any CPU
		{728872F7-9AFF-4A3F-A633-92F1976BBE15}.Debug|Any CPU.Build.0 = Debug|Any CPU
		{728872F7-9AFF-4A3F-A633-92F1976BBE15}.Release|Any CPU.ActiveCfg = Release|Any CPU
		{728872F7-9AFF-4A3F-A633-92F1976BBE15}.Release|Any CPU.Build.0 = Release|Any CPU
	EndGlobalSection
	GlobalSection(SolutionProperties) = preSolution
		HideSolutionNode = FALSE
	EndGlobalSection
	GlobalSection(ExtensibilityGlobals) = postSolution
		SolutionGuid = {B58F157D-4F3F-445A-97F1-3484548526F6}
	EndGlobalSection
EndGlobal
